{
  "version": "4",
  "specifiers": {
    "jsr:@momiji/cors@^1.0.1": "1.0.1",
    "jsr:@oak/commons@0.11": "0.11.0",
    "jsr:@oak/oak@^16.1.0": "16.1.0",
    "jsr:@std/assert@0.223": "0.223.0",
    "jsr:@std/assert@0.224": "0.224.0",
    "jsr:@std/assert@0.226": "0.226.0",
    "jsr:@std/assert@1": "1.0.8",
    "jsr:@std/bytes@0.223": "0.223.0",
    "jsr:@std/bytes@0.224": "0.224.0",
    "jsr:@std/crypto@0.223": "0.223.0",
    "jsr:@std/crypto@0.224": "0.224.0",
    "jsr:@std/encoding@0.223": "0.223.0",
    "jsr:@std/encoding@1.0.0-rc.2": "1.0.0-rc.2",
    "jsr:@std/http@0.223": "0.223.0",
    "jsr:@std/http@0.224": "0.224.5",
    "jsr:@std/internal@^1.0.5": "1.0.5",
    "jsr:@std/io@0.223": "0.223.0",
    "jsr:@std/media-types@0.223": "0.223.0",
    "jsr:@std/media-types@0.224": "0.224.1",
    "jsr:@std/path@0.223": "0.223.0",
    "jsr:@std/yaml@^1.0.5": "1.0.5",
    "npm:@types/node@*": "22.5.4",
    "npm:path-to-regexp@6.2.1": "6.2.1"
  },
  "jsr": {
    "@momiji/cors@1.0.1": {
      "integrity": "2cab5fd27ec2a978380ad8ae2d93ced813070b64c78a739e17eda007f928e5e2",
      "dependencies": [
        "jsr:@oak/oak"
      ]
    },
    "@oak/commons@0.11.0": {
      "integrity": "07702bfe5c07cd8144c422022994da1f9fea466b185824f4be63a2b1b1a65125",
      "dependencies": [
        "jsr:@std/assert@0.226",
        "jsr:@std/bytes@0.224",
        "jsr:@std/crypto@0.224",
        "jsr:@std/http@0.224",
        "jsr:@std/media-types@0.224"
      ]
    },
    "@oak/oak@16.1.0": {
      "integrity": "ab21506555fffeb08dc8f45ff5d28607e8087949ff58bd2964b27df65994480b",
      "dependencies": [
        "jsr:@oak/commons",
        "jsr:@std/assert@0.223",
        "jsr:@std/bytes@0.223",
        "jsr:@std/crypto@0.223",
        "jsr:@std/http@0.223",
        "jsr:@std/io",
        "jsr:@std/media-types@0.223",
        "jsr:@std/path",
        "npm:path-to-regexp"
      ]
    },
    "@std/assert@0.223.0": {
      "integrity": "eb8d6d879d76e1cc431205bd346ed4d88dc051c6366365b1af47034b0670be24"
    },
    "@std/assert@0.224.0": {
      "integrity": "8643233ec7aec38a940a8264a6e3eed9bfa44e7a71cc6b3c8874213ff401967f"
    },
    "@std/assert@0.226.0": {
      "integrity": "0dfb5f7c7723c18cec118e080fec76ce15b4c31154b15ad2bd74822603ef75b3"
    },
    "@std/assert@1.0.8": {
      "integrity": "ebe0bd7eb488ee39686f77003992f389a06c3da1bbd8022184804852b2fa641b",
      "dependencies": [
        "jsr:@std/internal"
      ]
    },
    "@std/bytes@0.223.0": {
      "integrity": "84b75052cd8680942c397c2631318772b295019098f40aac5c36cead4cba51a8"
    },
    "@std/bytes@0.224.0": {
      "integrity": "a2250e1d0eb7d1c5a426f21267ab9bdeac2447fa87a3d0d1a467d3f7a6058e49"
    },
    "@std/crypto@0.223.0": {
      "integrity": "1aa9555ff56b09e197ad988ea200f84bc6781fd4fd83f3a156ee44449af93000",
      "dependencies": [
        "jsr:@std/assert@0.223",
        "jsr:@std/encoding@0.223"
      ]
    },
    "@std/crypto@0.224.0": {
      "integrity": "154ef3ff08ef535562ef1a718718c5b2c5fc3808f0f9100daad69e829bfcdf2d",
      "dependencies": [
        "jsr:@std/assert@0.224"
      ]
    },
    "@std/encoding@0.223.0": {
      "integrity": "2b5615a75e00337ce113f34cf2f9b8c18182c751a8dcc8b1a2c2fc0e117bef00"
    },
    "@std/encoding@1.0.0-rc.2": {
      "integrity": "160d7674a20ebfbccdf610b3801fee91cf6e42d1c106dd46bbaf46e395cd35ef"
    },
    "@std/http@0.223.0": {
      "integrity": "15ab8a0c5a7e9d5be017a15b01600f20f66602ceec48b378939fa24fcec522aa",
      "dependencies": [
        "jsr:@std/assert@0.223",
        "jsr:@std/encoding@0.223"
      ]
    },
    "@std/http@0.224.5": {
      "integrity": "b03b5d1529f6c423badfb82f6640f9f2557b4034cd7c30655ba5bb447ff750a4",
      "dependencies": [
        "jsr:@std/encoding@1.0.0-rc.2"
      ]
    },
    "@std/internal@1.0.5": {
      "integrity": "54a546004f769c1ac9e025abd15a76b6671ddc9687e2313b67376125650dc7ba"
    },
    "@std/io@0.223.0": {
      "integrity": "2d8c3c2ab3a515619b90da2c6ff5ea7b75a94383259ef4d02116b228393f84f1",
      "dependencies": [
        "jsr:@std/bytes@0.223"
      ]
    },
    "@std/media-types@0.223.0": {
      "integrity": "84684680c2eb6bc6d9369c6d6f26a49decaf2c7603ff531862dda575d9d6776e"
    },
    "@std/media-types@0.224.1": {
      "integrity": "9e69a5daed37c5b5c6d3ce4731dc191f80e67f79bed392b0957d1d03b87f11e1"
    },
    "@std/path@0.223.0": {
      "integrity": "593963402d7e6597f5a6e620931661053572c982fc014000459edc1f93cc3989",
      "dependencies": [
        "jsr:@std/assert@0.223"
      ]
    },
    "@std/yaml@1.0.5": {
      "integrity": "71ba3d334305ee2149391931508b2c293a8490f94a337eef3a09cade1a2a2742"
    }
  },
  "npm": {
    "@types/node@22.5.4": {
      "integrity": "sha512-FDuKUJQm/ju9fT/SeX/6+gBzoPzlVCzfzmGkwKvRHQVxi4BntVbyIwf6a4Xn62mrvndLiml6z/UBXIdEVjQLXg==",
      "dependencies": [
        "undici-types"
      ]
    },
    "path-to-regexp@6.2.1": {
      "integrity": "sha512-JLyh7xT1kizaEvcaXOQwOc2/Yhw6KZOvPf1S8401UyLk86CU79LN3vl7ztXGm/pZ+YjoyAJ4rxmHwbkBXJX+yw=="
    },
    "undici-types@6.19.8": {
      "integrity": "sha512-ve2KP6f/JnbPBFyobGHuerC9g1FYGn/F8n1LWTwNxCEzd6IfqTwUQcNXgEtmmQ6DlRrC1hrSrBnCZPokRrDHjw=="
    }
  },
  "redirects": {
    "https://deno.land/x/cors/mod.ts": "https://deno.land/x/cors@v1.2.2/mod.ts",
    "https://deno.land/x/grammy_commands/mod.ts": "https://deno.land/x/grammy_commands@v1.0.0/mod.ts",
    "https://deno.land/x/grammy_storages/denokv/src/mod.ts": "https://deno.land/x/grammy_storages@v2.4.2/denokv/src/mod.ts",
    "https://lib.deno.dev/x/grammy@1.x/mod.ts": "https://deno.land/x/grammy@v1.32.0/mod.ts",
    "https://lib.deno.dev/x/grammy@1.x/types.ts": "https://deno.land/x/grammy@v1.32.0/types.ts",
    "https://lib.deno.dev/x/grammy@1/mod.ts": "https://deno.land/x/grammy@v1.32.0/mod.ts",
    "https://lib.deno.dev/x/grammy@1/types.ts": "https://deno.land/x/grammy@v1.32.0/types.ts"
  },
  "remote": {
    "https://cdn.skypack.dev/-/@grammyjs/types@v2.2.6-DFq1ZwbV50e1qjOGNq4I/dist=es2019,mode=imports/optimized/@grammyjs/types.js": "fabf6997a3adf11e45d11e3c4d58d0634ab98f9d72f3116f3694123818ccd457",
    "https://cdn.skypack.dev/-/debug@v4.3.4-o4liVvMlOnQWbLSYZMXw/dist=es2019,mode=imports/optimized/debug.js": "671100993996e39b501301a87000607916d4d2d9f8fc8e9c5200ae5ba64a1389",
    "https://cdn.skypack.dev/-/debug@v4.3.7-xZ6qoPHydgRH0zY3wj93/dist=es2019,mode=imports/optimized/debug.js": "d125e067ee4428d592bfeac1bfdcb820823151442158d79e64cd3624cc7eee63",
    "https://cdn.skypack.dev/-/ms@v2.1.2-giBDZ1IA5lmQ3ZXaa87V/dist=es2019,mode=imports/optimized/ms.js": "fd88e2d51900437011f1ad232f3393ce97db1b87a7844b3c58dd6d65562c1276",
    "https://cdn.skypack.dev/-/ms@v2.1.3-dWyghJmVCt8Lp5D9h2ww/dist=es2019,mode=imports/optimized/ms.js": "fd88e2d51900437011f1ad232f3393ce97db1b87a7844b3c58dd6d65562c1276",
    "https://cdn.skypack.dev/@grammyjs/types@v2.2.6?dts": "da5e8d38801e0ba6074f19f4be2fb33552502b0192dac4618df1f0c1b2eafe9c",
    "https://cdn.skypack.dev/debug@4.3.4": "7b1d010cc930f71b940ba5941da055bc181115229e29de7214bdb4425c68ea76",
    "https://cdn.skypack.dev/debug@^4.3.2": "fd755e0fcdec4197a44436edeee0960317592d3ba6a1234728cddd3da450c552",
    "https://deno.land/std@0.104.0/_util/assert.ts": "2f868145a042a11d5ad0a3c748dcf580add8a0dbc0e876eaa0026303a5488f58",
    "https://deno.land/std@0.104.0/_util/os.ts": "4bfbbb53cf87ec0c0f562b5b836c4d5392faa0365a30580cdfd3acb9944dcca1",
    "https://deno.land/std@0.104.0/bytes/bytes_list.ts": "a13287edb03f19d27ba4927dec6d6de3e5bd46254cd4aee6f7e5815810122673",
    "https://deno.land/std@0.104.0/bytes/mod.ts": "1ae1ccfe98c4b979f12b015982c7444f81fcb921bea7aa215bf37d84f46e1e13",
    "https://deno.land/std@0.104.0/fmt/colors.ts": "d2f8355f00a74404668fc5a1e4a92983ce1a9b0a6ac1d40efbd681cb8f519586",
    "https://deno.land/std@0.104.0/io/buffer.ts": "3ead6bb11276ebcf093c403f74f67fd2205a515dbbb9061862c468ca56f37cd8",
    "https://deno.land/std@0.104.0/io/bufio.ts": "6024117aa37f8d21a116654bd5ca5191d803f6492bbc744e3cee5054d0e900d1",
    "https://deno.land/std@0.104.0/io/ioutil.ts": "3c6b7c8be3b8cd19746de028c40063193578612244a935dcc27be9f3ff343b0c",
    "https://deno.land/std@0.104.0/io/mod.ts": "ae04a3f647845dd8ce0a523c208f80636d0640d9e5c730f0e6272cf86c1c0855",
    "https://deno.land/std@0.104.0/io/readers.ts": "17403919724fef2f343c88555606368868a5c752a1099ad801f6a381c170f62d",
    "https://deno.land/std@0.104.0/io/streams.ts": "da62ba7328645ad0c383d6b16b546bcbdc0f9c85141769b198294976026b6015",
    "https://deno.land/std@0.104.0/io/util.ts": "85c33d61b20fd706acc094fe80d4c8ae618b04abcf3a96ca2b47071842c1c8ac",
    "https://deno.land/std@0.104.0/io/writers.ts": "5453864be11da42dc91f19eb14c0a0e27e9e7f21f5c7174f5419921a6ab64fda",
    "https://deno.land/std@0.104.0/path/_constants.ts": "1247fee4a79b70c89f23499691ef169b41b6ccf01887a0abd131009c5581b853",
    "https://deno.land/std@0.104.0/path/_interface.ts": "1fa73b02aaa24867e481a48492b44f2598cd9dfa513c7b34001437007d3642e4",
    "https://deno.land/std@0.104.0/path/_util.ts": "2e06a3b9e79beaf62687196bd4b60a4c391d862cfa007a20fc3a39f778ba073b",
    "https://deno.land/std@0.104.0/path/common.ts": "eaf03d08b569e8a87e674e4e265e099f237472b6fd135b3cbeae5827035ea14a",
    "https://deno.land/std@0.104.0/path/glob.ts": "697fec7edbada26ed12b696023646a28c3897370c94ef7a555d317494b8bc270",
    "https://deno.land/std@0.104.0/path/mod.ts": "4465dc494f271b02569edbb4a18d727063b5dbd6ed84283ff906260970a15d12",
    "https://deno.land/std@0.104.0/path/posix.ts": "b81974c768d298f8dcd2c720229639b3803ca4a241fa9a355c762fa2bc5ef0c1",
    "https://deno.land/std@0.104.0/path/separator.ts": "8fdcf289b1b76fd726a508f57d3370ca029ae6976fcde5044007f062e643ff1c",
    "https://deno.land/std@0.104.0/path/win32.ts": "f4a3d4a3f2c9fe894da046d5eac48b5e789a0ebec5152b2c0985efe96a9f7ae1",
    "https://deno.land/std@0.104.0/testing/_diff.ts": "5d3693155f561d1a5443ac751ac70aab9f5d67b4819a621d4b96b8a1a1c89620",
    "https://deno.land/std@0.104.0/testing/asserts.ts": "e4311d45d956459d4423bc267208fe154b5294989da2ed93257b6a85cae0427e",
    "https://deno.land/std@0.211.0/path/_common/assert_path.ts": "2ca275f36ac1788b2acb60fb2b79cb06027198bc2ba6fb7e163efaedde98c297",
    "https://deno.land/std@0.211.0/path/_common/basename.ts": "569744855bc8445f3a56087fd2aed56bdad39da971a8d92b138c9913aecc5fa2",
    "https://deno.land/std@0.211.0/path/_common/constants.ts": "dc5f8057159f4b48cd304eb3027e42f1148cf4df1fb4240774d3492b5d12ac0c",
    "https://deno.land/std@0.211.0/path/_common/strip_trailing_separators.ts": "7024a93447efcdcfeaa9339a98fa63ef9d53de363f1fbe9858970f1bba02655a",
    "https://deno.land/std@0.211.0/path/_os.ts": "8fb9b90fb6b753bd8c77cfd8a33c2ff6c5f5bc185f50de8ca4ac6a05710b2c15",
    "https://deno.land/std@0.211.0/path/basename.ts": "5d341aadb7ada266e2280561692c165771d071c98746fcb66da928870cd47668",
    "https://deno.land/std@0.211.0/path/posix/_util.ts": "1e3937da30f080bfc99fe45d7ed23c47dd8585c5e473b2d771380d3a6937cf9d",
    "https://deno.land/std@0.211.0/path/posix/basename.ts": "39ee27a29f1f35935d3603ccf01d53f3d6e0c5d4d0f84421e65bd1afeff42843",
    "https://deno.land/std@0.211.0/path/windows/_util.ts": "d5f47363e5293fced22c984550d5e70e98e266cc3f31769e1710511803d04808",
    "https://deno.land/std@0.211.0/path/windows/basename.ts": "e2dbf31d1d6385bfab1ce38c333aa290b6d7ae9e0ecb8234a654e583cf22f8fe",
    "https://deno.land/x/cors@v1.2.2/abcCors.ts": "cdf83a7eaa69a1bf3ab910d18b9422217902fac47601adcaf0afac5a61845d48",
    "https://deno.land/x/cors@v1.2.2/attainCors.ts": "7d6aba0f942495cc31119604e0895c9bb8edd8f8baa7fe78e6c655bd0b4cbf59",
    "https://deno.land/x/cors@v1.2.2/cors.ts": "0e2d9167e3685f9bcf48f565e312b6e1883fa458f7337e5ce7bc2e3b29767980",
    "https://deno.land/x/cors@v1.2.2/mithCors.ts": "3a359d6e716e0410ede278ab54d875b293a2d66d838aaa7cfbf9ddc1e9e990d3",
    "https://deno.land/x/cors@v1.2.2/mod.ts": "2b351913f56d77ad80cb3b8633d4539c9eeddb426dae79437ada0e6a9cb4f1a6",
    "https://deno.land/x/cors@v1.2.2/oakCors.ts": "1348dc7673c61b85d2e80559a7b44f8e0246eaa6bcc6ec744fafe5d9b13b5c71",
    "https://deno.land/x/cors@v1.2.2/opineCors.ts": "fb5790115c26b7061d84b8d6c17d258a1e241bcab75b0bc3ca1fdb2e57bc5072",
    "https://deno.land/x/cors@v1.2.2/types.ts": "97546633ccc7f0df7a29bacba5d91dc6f61decdd1b65258300244dba905d34b8",
    "https://deno.land/x/grammy@v1.3.2/bot.ts": "29a22050387cd97b1b88dae121773373fc0e6778c8d478ad299b2ee45e6bc5c8",
    "https://deno.land/x/grammy@v1.3.2/composer.ts": "b8d63f2b871decc5b40d5e72c35f803d8498429706e90104bb1f3a89e3d4c8fc",
    "https://deno.land/x/grammy@v1.3.2/context.ts": "00850bc1c8ffc7029ca9a2d06add544f9a34006cbd54042046eeab285b6a1b19",
    "https://deno.land/x/grammy@v1.3.2/convenience/keyboard.ts": "6cf31d8e7c9283e340e44c7d5444bef319ee00baeba088e8554da9394145bb4a",
    "https://deno.land/x/grammy@v1.3.2/convenience/session.ts": "a93d7bedbed5204a4114a805e928ae2609dec6371930453b5f38e2f8908cf321",
    "https://deno.land/x/grammy@v1.3.2/convenience/webhook.ts": "19ad5841cfccdfcebb8952301f3abcebe82c1c7c5e40930f4260f4d151e9afed",
    "https://deno.land/x/grammy@v1.3.2/core/api.ts": "a31d345f8a89f33ecaf2fd5f15b8436b970dece92e52b0ded9d2d5525d15bf19",
    "https://deno.land/x/grammy@v1.3.2/core/client.ts": "dbf63218712273ef164d0476e23b895736ed3deb228914b22fcb3e65edc68de2",
    "https://deno.land/x/grammy@v1.3.2/core/error.ts": "ff4cb6985c3f7c50556e9e632aca92d37a45e38b5f95bb7d77d2085497aac8e5",
    "https://deno.land/x/grammy@v1.3.2/core/payload.ts": "ca8f370364c9977011ae788ed4dfdb40283d14be288ed475b506525c8dd999f2",
    "https://deno.land/x/grammy@v1.3.2/filter.ts": "81f52075ed9ea0ec17ce65c02df73b9bbb7f1f5aab7c8b233628ec1b208c0595",
    "https://deno.land/x/grammy@v1.3.2/mod.ts": "65edaf689918fb13e50092ed0959ad23021c531c234f8edcf579e106c91e10c7",
    "https://deno.land/x/grammy@v1.3.2/platform.ts": "798fd388bbca097c3fc46de6c773e9ee4d70ff4919993fe7014079ceb1bf3419",
    "https://deno.land/x/grammy@v1.32.0/bot.ts": "477241b42959a7721292259b958da0601a3f50bb6cc07a642c8f74ccc3226a6c",
    "https://deno.land/x/grammy@v1.32.0/composer.ts": "dab5a40d8a6fdc734bfb218f8b2e4ef846c05b833219ddd3fdee3f145bb2660b",
    "https://deno.land/x/grammy@v1.32.0/context.ts": "29f61545dc685fff0df53ed8a5ef8ed592b2334532ad8828a889d63c5840cb63",
    "https://deno.land/x/grammy@v1.32.0/convenience/constants.ts": "1560129784be52f49aa0bea8716f09ed00dac367fef195be6a2c09bdfc43fb99",
    "https://deno.land/x/grammy@v1.32.0/convenience/frameworks.ts": "bc83a7b68cbbd2e7d3df08ccedb605b4f5ac8870f61d17dea23964c1d82a5ee6",
    "https://deno.land/x/grammy@v1.32.0/convenience/inline_query.ts": "409d1940c7670708064efa495003bcbfdf6763a756b2e6303c464489fd3394ff",
    "https://deno.land/x/grammy@v1.32.0/convenience/input_media.ts": "7af72a5fdb1af0417e31b1327003f536ddfdf64e06ab8bc7f5da6b574de38658",
    "https://deno.land/x/grammy@v1.32.0/convenience/keyboard.ts": "dcfdc05f51758855d31dc80637798e0ca1d7f9b85038a6e9e600522e7cdac490",
    "https://deno.land/x/grammy@v1.32.0/convenience/session.ts": "f0ce5742f7938aae146946c8b84d29540d20f592193ebfc217cb79e6e1af33fe",
    "https://deno.land/x/grammy@v1.32.0/convenience/webhook.ts": "722f6da8de7578ecfcd263ca07ec3b81f09e7f243fdf2a887ac0e6cab509e116",
    "https://deno.land/x/grammy@v1.32.0/core/api.ts": "8c0d9b9961ce3bda6d0e007456e3556c6f3e5cde4d24d74ac4b18625611ffa46",
    "https://deno.land/x/grammy@v1.32.0/core/client.ts": "8d6b7dbcc944d0c42e0dce6119aaafca703c053ff6a5fbff426989c0dc790228",
    "https://deno.land/x/grammy@v1.32.0/core/error.ts": "5245f18f273da6be364f525090c24d2e9a282c180904f674f66946f2b2556247",
    "https://deno.land/x/grammy@v1.32.0/core/payload.ts": "420e17c3c2830b5576ea187cfce77578fe09f1204b25c25ea2f220ca7c86e73b",
    "https://deno.land/x/grammy@v1.32.0/filter.ts": "dd30fa957e37a0857e471157bc5a21a13b8f5c3d145b512679aefb3ff5174670",
    "https://deno.land/x/grammy@v1.32.0/mod.ts": "7723e08709ff7fd01df3e463503e14e4fd1a581669380eed70351e1121e8a833",
    "https://deno.land/x/grammy@v1.32.0/platform.deno.ts": "68272a7e1d9a2d74d8a45342526485dbc0531dee812f675d7f8a4e7fc8393028",
    "https://deno.land/x/grammy@v1.32.0/types.deno.ts": "d385ea7d8d55b879fcbc40ecf0d44586baaa8b3fd8fd354175b6b0da1abd496c",
    "https://deno.land/x/grammy@v1.32.0/types.ts": "729415590dfa188dbe924dea614dff4e976babdbabb28a307b869fc25777cdf0",
    "https://deno.land/x/grammy_commands@v1.0.0/command-group.ts": "cbf31e403e8eee21316067681d05e236f12e331bafc0deb0e5f81071896e30b3",
    "https://deno.land/x/grammy_commands@v1.0.0/command.ts": "744c2aca611a4cf6ea70fceb09ebc5276db7182464551f6eb9ad23b837be582e",
    "https://deno.land/x/grammy_commands@v1.0.0/context.ts": "89da622b9cc0fb0a601bc0a0b00fbef28b85791158950777f6d60154cf3c7a39",
    "https://deno.land/x/grammy_commands@v1.0.0/deps.deno.ts": "8fb00d48d5b21887a67b4fc986a5ef824339b7b2c2d6408f157aaa4b28fd69f8",
    "https://deno.land/x/grammy_commands@v1.0.0/mod.ts": "6bb2cbcc1ef6bf2397c0b4184a4fc8941ebc4904e8d848760df9ac3bb41c9698",
    "https://deno.land/x/grammy_commands@v1.0.0/types.ts": "00d5543a7fe14e62a702052abac166e3436ba5abc766548cbf9ba2d701b2572a",
    "https://deno.land/x/grammy_commands@v1.0.0/utils/array.ts": "4018f3b0f30ff2afdcd061640a672c205905d14e895cccd719ec4b6b6b2a6e3d",
    "https://deno.land/x/grammy_commands@v1.0.0/utils/checks.ts": "6b1e76c2fae1389b7db96bc67751089dd94c02c8c11890cae30e90a69eb51c37",
    "https://deno.land/x/grammy_commands@v1.0.0/utils/errors.ts": "200f9ea991c0f10d99596e3f14f87b2abdd12429d87f2cc439907f32a95a7484",
    "https://deno.land/x/grammy_commands@v1.0.0/utils/jaro-winkler.ts": "4c9a0b9b78cbb4ac96dc31db35dabc5f0f3115d7fba2c819ed870b5a3a887d18",
    "https://deno.land/x/grammy_commands@v1.0.0/utils/set-bot-commands.ts": "2d869ecfd649bb9f7df9ee12a9a517b1e90b114e2758606372b16cac179f0393",
    "https://deno.land/x/grammy_menu@v1.3.0/deps.deno.ts": "a94bbf0a453a4b8f0e2fd95b6da254433ecd3a828cabca3bd871558319bd2c7d",
    "https://deno.land/x/grammy_menu@v1.3.0/menu.ts": "e040a4cd2576e3c1f0dc93ca19d4776aecf492cad8e8b6ac7e29e3b19ddd4382",
    "https://deno.land/x/grammy_menu@v1.3.0/mod.ts": "ec3d890cabdb7ee1ea72f5fcd1b0b05a84c208975c34251e8a0e9a595e40713b",
    "https://deno.land/x/grammy_storages@v2.4.2/denokv/src/adapter.ts": "b4fe3ae26794786ab4d8082ef393d8f1c518271fbcc13fdf088bddfa26ac6069",
    "https://deno.land/x/grammy_storages@v2.4.2/denokv/src/deps.ts": "13bb68745f9737e6f06164a2bb674e4655fb3554e2461cf75a1787c947422346",
    "https://deno.land/x/grammy_storages@v2.4.2/denokv/src/mod.ts": "e1dac7718b7f09e478bcd73b1efab26956f8328b9b39e9d922088bd7e2cc44d7",
    "https://deno.land/x/grammy_types@v3.16.0/api.ts": "ae04d6628e3d25ae805bc07a19475065044fc44cde0a40877405bc3544d03a5f",
    "https://deno.land/x/grammy_types@v3.16.0/inline.ts": "ef999d5131968bdc49c0b74d2b0ff94fca310edfa06b02fe1ae1ac2949156934",
    "https://deno.land/x/grammy_types@v3.16.0/langs.ts": "5f5fd09c58ba3ae942dd7cea2696f95587d2032c1829bba4bca81762b7ef73b6",
    "https://deno.land/x/grammy_types@v3.16.0/manage.ts": "2bf2395311dcfdbb97d3227048eb877cac92d2a247563bb0e4f2e45acd4f99b1",
    "https://deno.land/x/grammy_types@v3.16.0/markup.ts": "b989e0712f9731c59e6cb308371b1722d823dd55de3d6bcaf3e4ed645a42e1f9",
    "https://deno.land/x/grammy_types@v3.16.0/message.ts": "a5ff7c58690d86385dab140a54f98303b57bdc0064754e0c64fa31f1635514ce",
    "https://deno.land/x/grammy_types@v3.16.0/methods.ts": "250c1234305af8a06ea8bbb4b8886896c269f69b0c1e03a49802d1da6fb259a5",
    "https://deno.land/x/grammy_types@v3.16.0/mod.ts": "7ecea1d3f7085d64419b78183039c78d70d655aeaa8b07f118ffbfb823f5b0b7",
    "https://deno.land/x/grammy_types@v3.16.0/passport.ts": "19820e7d6c279521f8bc8912d6a378239f73d4ab525453808994b5f44ef95215",
    "https://deno.land/x/grammy_types@v3.16.0/payment.ts": "10063563b3de6fe00f701a2efb13b3c6630e840e0b17f415d59730deeff1400c",
    "https://deno.land/x/grammy_types@v3.16.0/settings.ts": "f8ff810da6f1007ed24cd504809bf46820229c395ff9bfc3e5c8ceaef5b2aae1",
    "https://deno.land/x/grammy_types@v3.16.0/update.ts": "71cc0d5ec860149b71415ba03282b1d7edd0466b36e2789521a3b3a3d7796493"
  },
  "workspace": {
    "dependencies": [
      "jsr:@momiji/cors@^1.0.1",
      "jsr:@oak/oak@^16.1.0",
      "jsr:@std/assert@1",
      "jsr:@std/yaml@^1.0.5"
    ]
  }
}
